
Microsoft Visual Studio Solution File, Format Version 12.00
# Visual Studio Version 16
VisualStudioVersion = 16.0.29920.165
MinimumVisualStudioVersion = 10.0.40219.1
Project("{9A19103F-16F7-4668-BE54-9A1E7A4F7556}") = "ConverterCore", "ConverterCore.csproj", "{AF915994-2606-40C5-B732-24DFE58F8861}"
EndProject
Global
	GlobalSection(SolutionConfigurationPlatforms) = preSolution
		Debug|Any CPU = Debug|Any CPU
		Release|Any CPU = Release|Any CPU
	EndGlobalSection
	GlobalSection(ProjectConfigurationPlatforms) = postSolution
		{AF915994-2606-40C5-B732-24DFE58F8861}.Debug|Any CPU.ActiveCfg = Debug|Any CPU
		{AF915994-2606-40C5-B732-24DFE58F8861}.Debug|Any CPU.Build.0 = Debug|Any CPU
		{AF915994-2606-40C5-B732-24DFE58F8861}.Release|Any CPU.ActiveCfg = Release|Any CPU
		{AF915994-2606-40C5-B732-24DFE58F8861}.Release|Any CPU.Build.0 = Release|Any CPU
		{ABDA7DB9-9ABF-4BEF-AF6A-ABE4E7EFB5F5}.Debug|Any CPU.ActiveCfg = Debug|Any CPU
		{ABDA7DB9-9ABF-4BEF-AF6A-ABE4E7EFB5F5}.Debug|Any CPU.Build.0 = Debug|Any CPU
		{ABDA7DB9-9ABF-4BEF-AF6A-ABE4E7EFB5F5}.Release|Any CPU.ActiveCfg = Release|Any CPU
		{ABDA7DB9-9ABF-4BEF-AF6A-ABE4E7EFB5F5}.Release|Any CPU.Build.0 = Release|Any CPU
	EndGlobalSection
	GlobalSection(SolutionProperties) = preSolution
		HideSolutionNode = FALSE
	EndGlobalSection
	GlobalSection(ExtensibilityGlobals) = postSolution
		SolutionGuid = {5763671E-7569-4399-B86D-1C65DA866E29}
	EndGlobalSection
EndGlobal
